
Microsoft Visual Studio Solution File, Format Version 12.00
# Visual Studio Version 17
VisualStudioVersion = 17.5.33209.295
MinimumVisualStudioVersion = 10.0.40219.1
Project("{FAE04EC0-301F-11D3-BF4B-00C04F79EFBC}") = "ConsoleApp3", "ConsoleApp3\ConsoleApp3.csproj", "{8B9C3DB4-6158-4A68-B43F-179779375E31}"
EndProject
Global
	GlobalSection(SolutionConfigurationPlatforms) = preSolution
		Debug|Any CPU = Debug|Any CPU
		Release|Any CPU = Release|Any CPU
	EndGlobalSection
	GlobalSection(ProjectConfigurationPlatforms) = postSolution
		{8B9C3DB4-6158-4A68-B43F-179779375E31}.Debug|Any CPU.ActiveCfg = Debug|Any CPU
		{8B9C3DB4-6158-4A68-B43F-179779375E31}.Debug|Any CPU.Build.0 = Debug|Any CPU
		{8B9C3DB4-6158-4A68-B43F-179779375E31}.Release|Any CPU.ActiveCfg = Release|Any CPU
		{8B9C3DB4-6158-4A68-B43F-179779375E31}.Release|Any CPU.Build.0 = Release|Any CPU
	EndGlobalSection
	GlobalSection(SolutionProperties) = preSolution
		HideSolutionNode = FALSE
	EndGlobalSection
	GlobalSection(ExtensibilityGlobals) = postSolution
		SolutionGuid = {A3CDE984-6DD3-4F24-84DF-1A7B2BA30D5E}
	EndGlobalSection
EndGlobal
